// !$*UTF8*$!
{
	archiveVersion = 1;
	classes = {
	};
	objectVersion = 50;
	objects = {

/* Begin PBXBuildFile section */
		13C8519C2284DEF20098D75F /* main.swift in Sources */ = {isa = PBXBuildFile; fileRef = 13C8519B2284DEF20098D75F /* main.swift */; };
		13C851A32284E0560098D75F /* MainProgram.swift in Sources */ = {isa = PBXBuildFile; fileRef = 13C851A22284E0560098D75F /* MainProgram.swift */; };
		B56929E32288B97E0075016F /* CommandProcessor.swift in Sources */ = {isa = PBXBuildFile; fileRef = B56929E22288B97E0075016F /* CommandProcessor.swift */; };
		B56929E52288BA6C0075016F /* CommandBase.swift in Sources */ = {isa = PBXBuildFile; fileRef = B56929E42288BA6C0075016F /* CommandBase.swift */; };
		B56929E72288EC020075016F /* GetCommand.swift in Sources */ = {isa = PBXBuildFile; fileRef = B56929E62288EC020075016F /* GetCommand.swift */; };
		B56929E82288EC020075016F /* GetCommand.swift in Sources */ = {isa = PBXBuildFile; fileRef = B56929E62288EC020075016F /* GetCommand.swift */; };
		B56929EA2288EC350075016F /* SetCommand.swift in Sources */ = {isa = PBXBuildFile; fileRef = B56929E92288EC350075016F /* SetCommand.swift */; };
		B56929EB2288EC350075016F /* SetCommand.swift in Sources */ = {isa = PBXBuildFile; fileRef = B56929E92288EC350075016F /* SetCommand.swift */; };
		B56929EC2288F4A50075016F /* CommandBase.swift in Sources */ = {isa = PBXBuildFile; fileRef = B56929E42288BA6C0075016F /* CommandBase.swift */; };
		B56929F3228A1F4A0075016F /* TestCommandProcessor.swift in Sources */ = {isa = PBXBuildFile; fileRef = B56929F2228A1F4A0075016F /* TestCommandProcessor.swift */; };
		B56929F5228A40340075016F /* ObjectModel.swift in Sources */ = {isa = PBXBuildFile; fileRef = B56929F4228A40340075016F /* ObjectModel.swift */; };
		B56929F6228A40340075016F /* ObjectModel.swift in Sources */ = {isa = PBXBuildFile; fileRef = B56929F4228A40340075016F /* ObjectModel.swift */; };
		B56929F8228B39120075016F /* TestGetCommand.swift in Sources */ = {isa = PBXBuildFile; fileRef = B56929F7228B39120075016F /* TestGetCommand.swift */; };
		B56929FA228B3BF60075016F /* TestSetCommand.swift in Sources */ = {isa = PBXBuildFile; fileRef = B56929F9228B3BF60075016F /* TestSetCommand.swift */; };
		B56929FF228B5D610075016F /* TestObjectModel.swift in Sources */ = {isa = PBXBuildFile; fileRef = B56929FE228B5D610075016F /* TestObjectModel.swift */; };
		B5692A00228B60F40075016F /* CommandProcessor.swift in Sources */ = {isa = PBXBuildFile; fileRef = B56929E22288B97E0075016F /* CommandProcessor.swift */; };
/* End PBXBuildFile section */

/* Begin PBXContainerItemProxy section */
		B56929EE2289C3D10075016F /* PBXContainerItemProxy */ = {
			isa = PBXContainerItemProxy;
			containerPortal = 13C851902284DEF20098D75F /* Project object */;
			proxyType = 1;
			remoteGlobalIDString = 13C851972284DEF20098D75F;
			remoteInfo = AONCommandLine;
		};
/* End PBXContainerItemProxy section */

/* Begin PBXCopyFilesBuildPhase section */
		13C851962284DEF20098D75F /* CopyFiles */ = {
			isa = PBXCopyFilesBuildPhase;
			buildActionMask = 2147483647;
			dstPath = /usr/share/man/man1/;
			dstSubfolderSpec = 0;
			files = (
			);
			runOnlyForDeploymentPostprocessing = 1;
		};
/* End PBXCopyFilesBuildPhase section */

/* Begin PBXFileReference section */
		13C851982284DEF20098D75F /* AONCommandLine */ = {isa = PBXFileReference; explicitFileType = "compiled.mach-o.executable"; includeInIndex = 0; path = AONCommandLine; sourceTree = BUILT_PRODUCTS_DIR; };
		13C8519B2284DEF20098D75F /* main.swift */ = {isa = PBXFileReference; lastKnownFileType = sourcecode.swift; path = main.swift; sourceTree = "<group>"; };
		13C851A22284E0560098D75F /* MainProgram.swift */ = {isa = PBXFileReference; lastKnownFileType = sourcecode.swift; path = MainProgram.swift; sourceTree = "<group>"; };
		B56929D82288B7FD0075016F /* UnitTests.xctest */ = {isa = PBXFileReference; explicitFileType = wrapper.cfbundle; includeInIndex = 0; path = UnitTests.xctest; sourceTree = BUILT_PRODUCTS_DIR; };
		B56929DC2288B7FD0075016F /* Info.plist */ = {isa = PBXFileReference; lastKnownFileType = text.plist.xml; path = Info.plist; sourceTree = "<group>"; };
		B56929E22288B97E0075016F /* CommandProcessor.swift */ = {isa = PBXFileReference; lastKnownFileType = sourcecode.swift; path = CommandProcessor.swift; sourceTree = "<group>"; };
		B56929E42288BA6C0075016F /* CommandBase.swift */ = {isa = PBXFileReference; lastKnownFileType = sourcecode.swift; path = CommandBase.swift; sourceTree = "<group>"; };
		B56929E62288EC020075016F /* GetCommand.swift */ = {isa = PBXFileReference; lastKnownFileType = sourcecode.swift; path = GetCommand.swift; sourceTree = "<group>"; };
		B56929E92288EC350075016F /* SetCommand.swift */ = {isa = PBXFileReference; lastKnownFileType = sourcecode.swift; path = SetCommand.swift; sourceTree = "<group>"; };
		B56929ED2289B6140075016F /* README.md */ = {isa = PBXFileReference; lastKnownFileType = net.daringfireball.markdown; path = README.md; sourceTree = "<group>"; };
		B56929F2228A1F4A0075016F /* TestCommandProcessor.swift */ = {isa = PBXFileReference; lastKnownFileType = sourcecode.swift; path = TestCommandProcessor.swift; sourceTree = "<group>"; };
		B56929F4228A40340075016F /* ObjectModel.swift */ = {isa = PBXFileReference; lastKnownFileType = sourcecode.swift; path = ObjectModel.swift; sourceTree = "<group>"; };
		B56929F7228B39120075016F /* TestGetCommand.swift */ = {isa = PBXFileReference; lastKnownFileType = sourcecode.swift; path = TestGetCommand.swift; sourceTree = "<group>"; };
		B56929F9228B3BF60075016F /* TestSetCommand.swift */ = {isa = PBXFileReference; lastKnownFileType = sourcecode.swift; path = TestSetCommand.swift; sourceTree = "<group>"; };
		B56929FE228B5D610075016F /* TestObjectModel.swift */ = {isa = PBXFileReference; lastKnownFileType = sourcecode.swift; path = TestObjectModel.swift; sourceTree = "<group>"; };
/* End PBXFileReference section */

/* Begin PBXFrameworksBuildPhase section */
		13C851952284DEF20098D75F /* Frameworks */ = {
			isa = PBXFrameworksBuildPhase;
			buildActionMask = 2147483647;
			files = (
			);
			runOnlyForDeploymentPostprocessing = 0;
		};
		B56929D52288B7FD0075016F /* Frameworks */ = {
			isa = PBXFrameworksBuildPhase;
			buildActionMask = 2147483647;
			files = (
			);
			runOnlyForDeploymentPostprocessing = 0;
		};
/* End PBXFrameworksBuildPhase section */

/* Begin PBXGroup section */
		13C8518F2284DEF20098D75F = {
			isa = PBXGroup;
			children = (
				B56929ED2289B6140075016F /* README.md */,
				13C8519A2284DEF20098D75F /* AONCommandLine */,
				B56929D92288B7FD0075016F /* UnitTests */,
				13C851992284DEF20098D75F /* Products */,
			);
			sourceTree = "<group>";
		};
		13C851992284DEF20098D75F /* Products */ = {
			isa = PBXGroup;
			children = (
				13C851982284DEF20098D75F /* AONCommandLine */,
				B56929D82288B7FD0075016F /* UnitTests.xctest */,
			);
			name = Products;
			sourceTree = "<group>";
		};
		13C8519A2284DEF20098D75F /* AONCommandLine */ = {
			isa = PBXGroup;
			children = (
				13C8519B2284DEF20098D75F /* main.swift */,
				13C851A22284E0560098D75F /* MainProgram.swift */,
				B56929E22288B97E0075016F /* CommandProcessor.swift */,
				B56929E42288BA6C0075016F /* CommandBase.swift */,
				B56929E62288EC020075016F /* GetCommand.swift */,
				B56929E92288EC350075016F /* SetCommand.swift */,
				B56929F4228A40340075016F /* ObjectModel.swift */,
			);
			path = AONCommandLine;
			sourceTree = "<group>";
		};
		B56929D92288B7FD0075016F /* UnitTests */ = {
			isa = PBXGroup;
			children = (
				B56929DC2288B7FD0075016F /* Info.plist */,
				B56929F2228A1F4A0075016F /* TestCommandProcessor.swift */,
				B56929F7228B39120075016F /* TestGetCommand.swift */,
				B56929F9228B3BF60075016F /* TestSetCommand.swift */,
				B56929FE228B5D610075016F /* TestObjectModel.swift */,
			);
			path = UnitTests;
			sourceTree = "<group>";
		};
/* End PBXGroup section */

/* Begin PBXNativeTarget section */
		13C851972284DEF20098D75F /* AONCommandLine */ = {
			isa = PBXNativeTarget;
			buildConfigurationList = 13C8519F2284DEF20098D75F /* Build configuration list for PBXNativeTarget "AONCommandLine" */;
			buildPhases = (
				13C851942284DEF20098D75F /* Sources */,
				13C851952284DEF20098D75F /* Frameworks */,
				13C851962284DEF20098D75F /* CopyFiles */,
			);
			buildRules = (
			);
			dependencies = (
			);
			name = AONCommandLine;
			productName = AONCommandLine;
			productReference = 13C851982284DEF20098D75F /* AONCommandLine */;
			productType = "com.apple.product-type.tool";
		};
		B56929D72288B7FD0075016F /* UnitTests */ = {
			isa = PBXNativeTarget;
			buildConfigurationList = B56929DD2288B7FD0075016F /* Build configuration list for PBXNativeTarget "UnitTests" */;
			buildPhases = (
				B56929D42288B7FD0075016F /* Sources */,
				B56929D52288B7FD0075016F /* Frameworks */,
				B56929D62288B7FD0075016F /* Resources */,
			);
			buildRules = (
			);
			dependencies = (
				B56929EF2289C3D10075016F /* PBXTargetDependency */,
			);
			name = UnitTests;
			productName = UnitTests;
			productReference = B56929D82288B7FD0075016F /* UnitTests.xctest */;
			productType = "com.apple.product-type.bundle.unit-test";
		};
/* End PBXNativeTarget section */

/* Begin PBXProject section */
		13C851902284DEF20098D75F /* Project object */ = {
			isa = PBXProject;
			attributes = {
				LastSwiftUpdateCheck = 1020;
				LastUpgradeCheck = 1020;
				ORGANIZATIONNAME = "Gene Dahilig";
				TargetAttributes = {
					13C851972284DEF20098D75F = {
						CreatedOnToolsVersion = 10.2.1;
					};
					B56929D72288B7FD0075016F = {
						CreatedOnToolsVersion = 10.2.1;
					};
				};
			};
			buildConfigurationList = 13C851932284DEF20098D75F /* Build configuration list for PBXProject "AONCommandLine" */;
			compatibilityVersion = "Xcode 9.3";
			developmentRegion = en;
			hasScannedForEncodings = 0;
			knownRegions = (
				en,
			);
			mainGroup = 13C8518F2284DEF20098D75F;
			productRefGroup = 13C851992284DEF20098D75F /* Products */;
			projectDirPath = "";
			projectRoot = "";
			targets = (
				13C851972284DEF20098D75F /* AONCommandLine */,
				B56929D72288B7FD0075016F /* UnitTests */,
			);
		};
/* End PBXProject section */

/* Begin PBXResourcesBuildPhase section */
		B56929D62288B7FD0075016F /* Resources */ = {
			isa = PBXResourcesBuildPhase;
			buildActionMask = 2147483647;
			files = (
			);
			runOnlyForDeploymentPostprocessing = 0;
		};
/* End PBXResourcesBuildPhase section */

/* Begin PBXSourcesBuildPhase section */
		13C851942284DEF20098D75F /* Sources */ = {
			isa = PBXSourcesBuildPhase;
			buildActionMask = 2147483647;
			files = (
				13C851A32284E0560098D75F /* MainProgram.swift in Sources */,
				B56929E72288EC020075016F /* GetCommand.swift in Sources */,
				B56929EA2288EC350075016F /* SetCommand.swift in Sources */,
				B56929F5228A40340075016F /* ObjectModel.swift in Sources */,
				B56929E32288B97E0075016F /* CommandProcessor.swift in Sources */,
				13C8519C2284DEF20098D75F /* main.swift in Sources */,
				B56929E52288BA6C0075016F /* CommandBase.swift in Sources */,
			);
			runOnlyForDeploymentPostprocessing = 0;
		};
		B56929D42288B7FD0075016F /* Sources */ = {
			isa = PBXSourcesBuildPhase;
			buildActionMask = 2147483647;
			files = (
				B5692A00228B60F40075016F /* CommandProcessor.swift in Sources */,
				B56929FF228B5D610075016F /* TestObjectModel.swift in Sources */,
				B56929F8228B39120075016F /* TestGetCommand.swift in Sources */,
				B56929FA228B3BF60075016F /* TestSetCommand.swift in Sources */,
				B56929EB2288EC350075016F /* SetCommand.swift in Sources */,
				B56929F3228A1F4A0075016F /* TestCommandProcessor.swift in Sources */,
				B56929E82288EC020075016F /* GetCommand.swift in Sources */,
				B56929F6228A40340075016F /* ObjectModel.swift in Sources */,
				B56929EC2288F4A50075016F /* CommandBase.swift in Sources */,
			);
			runOnlyForDeploymentPostprocessing = 0;
		};
/* End PBXSourcesBuildPhase section */

/* Begin PBXTargetDependency section */
		B56929EF2289C3D10075016F /* PBXTargetDependency */ = {
			isa = PBXTargetDependency;
			target = 13C851972284DEF20098D75F /* AONCommandLine */;
			targetProxy = B56929EE2289C3D10075016F /* PBXContainerItemProxy */;
		};
/* End PBXTargetDependency section */

/* Begin XCBuildConfiguration section */
		13C8519D2284DEF20098D75F /* Debug */ = {
			isa = XCBuildConfiguration;
			buildSettings = {
				ALWAYS_SEARCH_USER_PATHS = NO;
				CLANG_ANALYZER_NONNULL = YES;
				CLANG_ANALYZER_NUMBER_OBJECT_CONVERSION = YES_AGGRESSIVE;
				CLANG_CXX_LANGUAGE_STANDARD = "gnu++14";
				CLANG_CXX_LIBRARY = "libc++";
				CLANG_ENABLE_MODULES = YES;
				CLANG_ENABLE_OBJC_ARC = YES;
				CLANG_ENABLE_OBJC_WEAK = YES;
				CLANG_WARN_BLOCK_CAPTURE_AUTORELEASING = YES;
				CLANG_WARN_BOOL_CONVERSION = YES;
				CLANG_WARN_COMMA = YES;
				CLANG_WARN_CONSTANT_CONVERSION = YES;
				CLANG_WARN_DEPRECATED_OBJC_IMPLEMENTATIONS = YES;
				CLANG_WARN_DIRECT_OBJC_ISA_USAGE = YES_ERROR;
				CLANG_WARN_DOCUMENTATION_COMMENTS = YES;
				CLANG_WARN_EMPTY_BODY = YES;
				CLANG_WARN_ENUM_CONVERSION = YES;
				CLANG_WARN_INFINITE_RECURSION = YES;
				CLANG_WARN_INT_CONVERSION = YES;
				CLANG_WARN_NON_LITERAL_NULL_CONVERSION = YES;
				CLANG_WARN_OBJC_IMPLICIT_RETAIN_SELF = YES;
				CLANG_WARN_OBJC_LITERAL_CONVERSION = YES;
				CLANG_WARN_OBJC_ROOT_CLASS = YES_ERROR;
				CLANG_WARN_RANGE_LOOP_ANALYSIS = YES;
				CLANG_WARN_STRICT_PROTOTYPES = YES;
				CLANG_WARN_SUSPICIOUS_MOVE = YES;
				CLANG_WARN_UNGUARDED_AVAILABILITY = YES_AGGRESSIVE;
				CLANG_WARN_UNREACHABLE_CODE = YES;
				CLANG_WARN__DUPLICATE_METHOD_MATCH = YES;
				CODE_SIGN_IDENTITY = "-";
				COPY_PHASE_STRIP = NO;
				DEBUG_INFORMATION_FORMAT = dwarf;
				ENABLE_STRICT_OBJC_MSGSEND = YES;
				ENABLE_TESTABILITY = YES;
				GCC_C_LANGUAGE_STANDARD = gnu11;
				GCC_DYNAMIC_NO_PIC = NO;
				GCC_NO_COMMON_BLOCKS = YES;
				GCC_OPTIMIZATION_LEVEL = 0;
				GCC_PREPROCESSOR_DEFINITIONS = (
					"DEBUG=1",
					"$(inherited)",
				);
				GCC_WARN_64_TO_32_BIT_CONVERSION = YES;
				GCC_WARN_ABOUT_RETURN_TYPE = YES_ERROR;
				GCC_WARN_UNDECLARED_SELECTOR = YES;
				GCC_WARN_UNINITIALIZED_AUTOS = YES_AGGRESSIVE;
				GCC_WARN_UNUSED_FUNCTION = YES;
				GCC_WARN_UNUSED_VARIABLE = YES;
				MACOSX_DEPLOYMENT_TARGET = 10.14;
				MTL_ENABLE_DEBUG_INFO = INCLUDE_SOURCE;
				MTL_FAST_MATH = YES;
				ONLY_ACTIVE_ARCH = YES;
				SDKROOT = macosx;
				SWIFT_ACTIVE_COMPILATION_CONDITIONS = DEBUG;
				SWIFT_OPTIMIZATION_LEVEL = "-Onone";
			};
			name = Debug;
		};
		13C8519E2284DEF20098D75F /* Release */ = {
			isa = XCBuildConfiguration;
			buildSettings = {
				ALWAYS_SEARCH_USER_PATHS = NO;
				CLANG_ANALYZER_NONNULL = YES;
				CLANG_ANALYZER_NUMBER_OBJECT_CONVERSION = YES_AGGRESSIVE;
				CLANG_CXX_LANGUAGE_STANDARD = "gnu++14";
				CLANG_CXX_LIBRARY = "libc++";
				CLANG_ENABLE_MODULES = YES;
				CLANG_ENABLE_OBJC_ARC = YES;
				CLANG_ENABLE_OBJC_WEAK = YES;
				CLANG_WARN_BLOCK_CAPTURE_AUTORELEASING = YES;
				CLANG_WARN_BOOL_CONVERSION = YES;
				CLANG_WARN_COMMA = YES;
				CLANG_WARN_CONSTANT_CONVERSION = YES;
				CLANG_WARN_DEPRECATED_OBJC_IMPLEMENTATIONS = YES;
				CLANG_WARN_DIRECT_OBJC_ISA_USAGE = YES_ERROR;
				CLANG_WARN_DOCUMENTATION_COMMENTS = YES;
				CLANG_WARN_EMPTY_BODY = YES;
				CLANG_WARN_ENUM_CONVERSION = YES;
				CLANG_WARN_INFINITE_RECURSION = YES;
				CLANG_WARN_INT_CONVERSION = YES;
				CLANG_WARN_NON_LITERAL_NULL_CONVERSION = YES;
				CLANG_WARN_OBJC_IMPLICIT_RETAIN_SELF = YES;
				CLANG_WARN_OBJC_LITERAL_CONVERSION = YES;
				CLANG_WARN_OBJC_ROOT_CLASS = YES_ERROR;
				CLANG_WARN_RANGE_LOOP_ANALYSIS = YES;
				CLANG_WARN_STRICT_PROTOTYPES = YES;
				CLANG_WARN_SUSPICIOUS_MOVE = YES;
				CLANG_WARN_UNGUARDED_AVAILABILITY = YES_AGGRESSIVE;
				CLANG_WARN_UNREACHABLE_CODE = YES;
				CLANG_WARN__DUPLICATE_METHOD_MATCH = YES;
				CODE_SIGN_IDENTITY = "-";
				COPY_PHASE_STRIP = NO;
				DEBUG_INFORMATION_FORMAT = "dwarf-with-dsym";
				ENABLE_NS_ASSERTIONS = NO;
				ENABLE_STRICT_OBJC_MSGSEND = YES;
				GCC_C_LANGUAGE_STANDARD = gnu11;
				GCC_NO_COMMON_BLOCKS = YES;
				GCC_WARN_64_TO_32_BIT_CONVERSION = YES;
				GCC_WARN_ABOUT_RETURN_TYPE = YES_ERROR;
				GCC_WARN_UNDECLARED_SELECTOR = YES;
				GCC_WARN_UNINITIALIZED_AUTOS = YES_AGGRESSIVE;
				GCC_WARN_UNUSED_FUNCTION = YES;
				GCC_WARN_UNUSED_VARIABLE = YES;
				MACOSX_DEPLOYMENT_TARGET = 10.14;
				MTL_ENABLE_DEBUG_INFO = NO;
				MTL_FAST_MATH = YES;
				SDKROOT = macosx;
				SWIFT_COMPILATION_MODE = wholemodule;
				SWIFT_OPTIMIZATION_LEVEL = "-O";
			};
			name = Release;
		};
		13C851A02284DEF20098D75F /* Debug */ = {
			isa = XCBuildConfiguration;
			buildSettings = {
				CODE_SIGN_IDENTITY = "Mac Developer";
				CODE_SIGN_STYLE = Automatic;
				DEVELOPMENT_TEAM = FN9CVFANRG;
				PRODUCT_NAME = "$(TARGET_NAME)";
				PROVISIONING_PROFILE_SPECIFIER = "";
				SWIFT_VERSION = 5.0;
			};
			name = Debug;
		};
		13C851A12284DEF20098D75F /* Release */ = {
			isa = XCBuildConfiguration;
			buildSettings = {
				CODE_SIGN_IDENTITY = "Mac Developer";
				CODE_SIGN_STYLE = Automatic;
				DEVELOPMENT_TEAM = FN9CVFANRG;
				PRODUCT_NAME = "$(TARGET_NAME)";
				PROVISIONING_PROFILE_SPECIFIER = "";
				SWIFT_VERSION = 5.0;
			};
			name = Release;
		};
		B56929DE2288B7FD0075016F /* Debug */ = {
			isa = XCBuildConfiguration;
			buildSettings = {
				CODE_SIGN_IDENTITY = "Mac Developer";
				CODE_SIGN_STYLE = Automatic;
				COMBINE_HIDPI_IMAGES = YES;
				DEVELOPMENT_TEAM = FN9CVFANRG;
				INFOPLIST_FILE = UnitTests/Info.plist;
				LD_RUNPATH_SEARCH_PATHS = (
					"$(inherited)",
					"@executable_path/../Frameworks",
					"@loader_path/../Frameworks",
				);
				PRODUCT_BUNDLE_IDENTIFIER = Mutensil.UnitTests;
				PRODUCT_NAME = "$(TARGET_NAME)";
				SWIFT_VERSION = 5.0;
			};
			name = Debug;
		};
		B56929DF2288B7FD0075016F /* Release */ = {
			isa = XCBuildConfiguration;
			buildSettings = {
				CODE_SIGN_IDENTITY = "Mac Developer";
				CODE_SIGN_STYLE = Automatic;
				COMBINE_HIDPI_IMAGES = YES;
				DEVELOPMENT_TEAM = FN9CVFANRG;
				INFOPLIST_FILE = UnitTests/Info.plist;
				LD_RUNPATH_SEARCH_PATHS = (
					"$(inherited)",
					"@executable_path/../Frameworks",
					"@loader_path/../Frameworks",
				);
				PRODUCT_BUNDLE_IDENTIFIER = Mutensil.UnitTests;
				PRODUCT_NAME = "$(TARGET_NAME)";
				SWIFT_VERSION = 5.0;
			};
			name = Release;
		};
/* End XCBuildConfiguration section */

/* Begin XCConfigurationList section */
		13C851932284DEF20098D75F /* Build configuration list for PBXProject "AONCommandLine" */ = {
			isa = XCConfigurationList;
			buildConfigurations = (
				13C8519D2284DEF20098D75F /* Debug */,
				13C8519E2284DEF20098D75F /* Release */,
			);
			defaultConfigurationIsVisible = 0;
			defaultConfigurationName = Release;
		};
		13C8519F2284DEF20098D75F /* Build configuration list for PBXNativeTarget "AONCommandLine" */ = {
			isa = XCConfigurationList;
			buildConfigurations = (
				13C851A02284DEF20098D75F /* Debug */,
				13C851A12284DEF20098D75F /* Release */,
			);
			defaultConfigurationIsVisible = 0;
			defaultConfigurationName = Release;
		};
		B56929DD2288B7FD0075016F /* Build configuration list for PBXNativeTarget "UnitTests" */ = {
			isa = XCConfigurationList;
			buildConfigurations = (
				B56929DE2288B7FD0075016F /* Debug */,
				B56929DF2288B7FD0075016F /* Release */,
			);
			defaultConfigurationIsVisible = 0;
			defaultConfigurationName = Release;
		};
/* End XCConfigurationList section */
	};
	rootObject = 13C851902284DEF20098D75F /* Project object */;
}
